
Microsoft Visual Studio Solution File, Format Version 12.00
# Visual Studio 14
VisualStudioVersion = 14.0.22310.1
MinimumVisualStudioVersion = 10.0.40219.1
Project("{FAE04EC0-301F-11D3-BF4B-00C04F79EFBC}") = "TourOfCSharp6", "TourOfCSharp6\TourOfCSharp6.csproj", "{515F8510-5DAD-4ED6-8064-43915263BD1B}"
EndProject
Global
	GlobalSection(SolutionConfigurationPlatforms) = preSolution
		Debug|Any CPU = Debug|Any CPU
		Release|Any CPU = Release|Any CPU
	EndGlobalSection
	GlobalSection(ProjectConfigurationPlatforms) = postSolution
		{515F8510-5DAD-4ED6-8064-43915263BD1B}.Debug|Any CPU.ActiveCfg = Debug|Any CPU
		{515F8510-5DAD-4ED6-8064-43915263BD1B}.Debug|Any CPU.Build.0 = Debug|Any CPU
		{515F8510-5DAD-4ED6-8064-43915263BD1B}.Release|Any CPU.ActiveCfg = Release|Any CPU
		{515F8510-5DAD-4ED6-8064-43915263BD1B}.Release|Any CPU.Build.0 = Release|Any CPU
	EndGlobalSection
	GlobalSection(SolutionProperties) = preSolution
		HideSolutionNode = FALSE
	EndGlobalSection
EndGlobal
